// !$*UTF8*$!
{
	archiveVersion = 1;
	classes = {
	};
	objectVersion = 46;
	objects = {
/* Begin PBXBuildFile section */
		0207DA581B56EA530066E2B4 /* Images.xcassets in Resources */ = {isa = PBXBuildFile; fileRef = 0207DA571B56EA530066E2B4 /* Images.xcassets */; };
		1D3623260D0F684500981E51 /* AppDelegate.m in Sources */ = {isa = PBXBuildFile; fileRef = 1D3623250D0F684500981E51 /* AppDelegate.m */; };
		1D60589B0D05DD56006BFB54 /* main.m in Sources */ = {isa = PBXBuildFile; fileRef = 29B97316FDCFA39411CA2CEA /* main.m */; };
		301BF552109A68D80062928A /* libCordova.a in Frameworks */ = {isa = PBXBuildFile; fileRef = 301BF535109A57CC0062928A /* libCordova.a */; };
		302D95F114D2391D003F00A1 /* MainViewController.m in Sources */ = {isa = PBXBuildFile; fileRef = 302D95EF14D2391D003F00A1 /* MainViewController.m */; };
		302D95F214D2391D003F00A1 /* MainViewController.xib in Resources */ = {isa = PBXBuildFile; fileRef = 302D95F014D2391D003F00A1 /* MainViewController.xib */; };
		3047A5121AB8059700498E2A /* build-debug.xcconfig in Resources */ = {isa = PBXBuildFile; fileRef = 3047A50F1AB8059700498E2A /* build-debug.xcconfig */; };
		3047A5131AB8059700498E2A /* build-release.xcconfig in Resources */ = {isa = PBXBuildFile; fileRef = 3047A5101AB8059700498E2A /* build-release.xcconfig */; };
		3047A5141AB8059700498E2A /* build.xcconfig in Resources */ = {isa = PBXBuildFile; fileRef = 3047A5111AB8059700498E2A /* build.xcconfig */; };
		6AFF5BF91D6E424B00AB3073 /* CDVLaunchScreen.storyboard in Resources */ = {isa = PBXBuildFile; fileRef = 6AFF5BF81D6E424B00AB3073 /* CDVLaunchScreen.storyboard */; };
		1744847DE6AE4DEFAE5C7DF4 /* CDVBattery.m in Sources */ = {isa = PBXBuildFile; fileRef = CCE23E625F554247ABBE245B /* CDVBattery.m */; };
		4472B362D0824B0BB174C81F /* UIImage+CropScaleOrientation.m in Sources */ = {isa = PBXBuildFile; fileRef = 276FCC467F8C4A3E87007F16 /* UIImage+CropScaleOrientation.m */; };
		E8992CF2BBB84B32BBDBBCF1 /* CDVCamera.m in Sources */ = {isa = PBXBuildFile; fileRef = CEB4E3639FE04B4990AA2509 /* CDVCamera.m */; };
		0E53EC202D2D4E61BE0E696C /* CDVJpegHeaderWriter.m in Sources */ = {isa = PBXBuildFile; fileRef = 0204DBD5638B4E0DACEFD1D6 /* CDVJpegHeaderWriter.m */; };
		687D78B56EB64BB7BB41375E /* ImageIO.framework in Frameworks */ = {isa = PBXBuildFile; fileRef = 90996966AE864843A7B37B13 /* ImageIO.framework */; settings = {ATTRIBUTES = (Weak, ); }; };
		071304FBCF5042BF87372B52 /* CoreLocation.framework in Frameworks */ = {isa = PBXBuildFile; fileRef = B047EB64CF7347C08AC39B19 /* CoreLocation.framework */; };
		33E0A6973C3940958D085CED /* AVFoundation.framework in Frameworks */ = {isa = PBXBuildFile; fileRef = AFF23B89CB8C4C09AF65DE21 /* AVFoundation.framework */; };
		9F84F5AA05F64743A0119628 /* CDVLogger.m in Sources */ = {isa = PBXBuildFile; fileRef = 371FB16F6AF84A92BDACB50D /* CDVLogger.m */; };
		7B706854288C4D5BBF080D41 /* CDVContacts.m in Sources */ = {isa = PBXBuildFile; fileRef = E00B78EA08F44F2FB0408D5E /* CDVContacts.m */; };
		04B0A5BE004445758BE77579 /* CDVContact.m in Sources */ = {isa = PBXBuildFile; fileRef = 794330C23EDE4A21A07BB0E5 /* CDVContact.m */; };
		0B5729F44C6A48EB84F0C957 /* AddressBook.framework in Frameworks */ = {isa = PBXBuildFile; fileRef = D73EA4320B0A483DAEBD70A3 /* AddressBook.framework */; settings = {ATTRIBUTES = (Weak, ); }; };
		B12C2848527A4EE8981C5126 /* AddressBookUI.framework in Frameworks */ = {isa = PBXBuildFile; fileRef = B642BB17C45B4D60992CE1E7 /* AddressBookUI.framework */; settings = {ATTRIBUTES = (Weak, ); }; };
		8109C60726FB427E99EF8C13 /* CDVDevice.m in Sources */ = {isa = PBXBuildFile; fileRef = 04C5375776A04957BCC22198 /* CDVDevice.m */; };
		1832AF77812F4224B5F5C762 /* libz.tbd in Frameworks */ = {isa = PBXBuildFile; fileRef = 9B37C03BA2EE4403923F129B /* libz.tbd */; };
		5C15ADB4E8C6463E95039816 /* CDVAccelerometer.m in Sources */ = {isa = PBXBuildFile; fileRef = B163E7A1955045E09DDBCF6F /* CDVAccelerometer.m */; };
		411865B80B5C46AD988282F3 /* CoreMotion.framework in Frameworks */ = {isa = PBXBuildFile; fileRef = 5CB5A0924BEE48ADB16AA8F1 /* CoreMotion.framework */; };
		4DEE311787B4448693C6EABF /* CDVCompass.m in Sources */ = {isa = PBXBuildFile; fileRef = 5CF9A125E784461891A3A9E3 /* CDVCompass.m */; };
		2B2DC1FA4EA14108A79028EC /* CDVNotification.m in Sources */ = {isa = PBXBuildFile; fileRef = 9ECD99AC192D4C7A97B76285 /* CDVNotification.m */; };
		913848FCCC554B29AD33E06F /* CDVNotification.bundle in Resources */ = {isa = PBXBuildFile; fileRef = 7A02C43CF1764864B4B41AE9 /* CDVNotification.bundle */; };
		6968F84A17D540A5A998372C /* AudioToolbox.framework in Frameworks */ = {isa = PBXBuildFile; fileRef = 8D70012F47D44FD3BBE70A37 /* AudioToolbox.framework */; settings = {ATTRIBUTES = (Weak, ); }; };
		3BCDF38A40B74300B27D7A82 /* CDVFile.m in Sources */ = {isa = PBXBuildFile; fileRef = 5A3D13464728463495C0DF5C /* CDVFile.m */; };
		13E12CA49F144EE1A778DECB /* CDVLocalFilesystem.m in Sources */ = {isa = PBXBuildFile; fileRef = B0C34246F88941A789A15A59 /* CDVLocalFilesystem.m */; };
		43714DA7A2434B3F811EE3F2 /* CDVAssetLibraryFilesystem.m in Sources */ = {isa = PBXBuildFile; fileRef = 64508AD69042482C9867BABD /* CDVAssetLibraryFilesystem.m */; };
		E5D16EB2E71E4FDFBF41695E /* CDVFileTransfer.m in Sources */ = {isa = PBXBuildFile; fileRef = 973F0DB075F7438D96DC8B9B /* CDVFileTransfer.m */; };
		68A86E6E270C47808510A09D /* CDVLocation.m in Sources */ = {isa = PBXBuildFile; fileRef = 04A7C2F6599A45B9BC3A62D2 /* CDVLocation.m */; };
		20EEC73E9B694322BF8C08F3 /* CDVGlobalization.m in Sources */ = {isa = PBXBuildFile; fileRef = BF1EB2CA5FCB4240BBF51667 /* CDVGlobalization.m */; };
		7E4C529B89CE424A9471CD43 /* CDVInAppBrowser.m in Sources */ = {isa = PBXBuildFile; fileRef = 4CA6E193D66A4D94967350F5 /* CDVInAppBrowser.m */; };
		8A6CB806C55D434D92DA1F18 /* CDVSound.m in Sources */ = {isa = PBXBuildFile; fileRef = 22F4F471C93343AAABC6337F /* CDVSound.m */; };
		6109E7854CD44D2EAFE19AF6 /* CDVCapture.m in Sources */ = {isa = PBXBuildFile; fileRef = C83E5094F98C49F8A98C3EE7 /* CDVCapture.m */; };
		027357466B5F4ED1940687BB /* CDVCapture.bundle in Resources */ = {isa = PBXBuildFile; fileRef = 51B490A90EA640A5BF664F48 /* CDVCapture.bundle */; };
		30977D083B004A18A1221CB7 /* CDVConnection.m in Sources */ = {isa = PBXBuildFile; fileRef = EDAD469FE91948BCA92BFF44 /* CDVConnection.m */; };
		97EC67C717EE43A08CEC15D8 /* CDVReachability.m in Sources */ = {isa = PBXBuildFile; fileRef = F48367103FB8435FB7757B3B /* CDVReachability.m */; };
		738F184DA631484394F04EAF /* SystemConfiguration.framework in Frameworks */ = {isa = PBXBuildFile; fileRef = 36937D2066C843D2B061D16C /* SystemConfiguration.framework */; settings = {ATTRIBUTES = (Weak, ); }; };
		607AEBC3B86C423F95F94BB0 /* CoreTelephony.framework in Frameworks */ = {isa = PBXBuildFile; fileRef = B509BA39C8D14466A580FD92 /* CoreTelephony.framework */; };
		C8792EEB54024317A805D780 /* CDVSplashScreen.m in Sources */ = {isa = PBXBuildFile; fileRef = EC4A04B65F324F25A40431C8 /* CDVSplashScreen.m */; };
		67664756147B4C00968C7461 /* CDVViewController+SplashScreen.m in Sources */ = {isa = PBXBuildFile; fileRef = 3BF9B5E8AB6944749B530F71 /* CDVViewController+SplashScreen.m */; };
		C6921AF8994F4CDA86B37510 /* CDVStatusBar.m in Sources */ = {isa = PBXBuildFile; fileRef = D859A8816A054232ADE915A5 /* CDVStatusBar.m */; };
		C5AE2315E2D54618A7A6B956 /* CDVVibration.m in Sources */ = {isa = PBXBuildFile; fileRef = 090CD2B312AC43B28B319B3B /* CDVVibration.m */; };
/* End PBXBuildFile section */

/* Begin PBXContainerItemProxy section */
		301BF534109A57CC0062928A /* PBXContainerItemProxy */ = {
			isa = PBXContainerItemProxy;
			containerPortal = 301BF52D109A57CC0062928A /* CordovaLib.xcodeproj */;
			proxyType = 2;
			remoteGlobalIDString = D2AAC07E0554694100DB518D;
			remoteInfo = CordovaLib;
		};
		301BF550109A68C00062928A /* PBXContainerItemProxy */ = {
			isa = PBXContainerItemProxy;
			containerPortal = 301BF52D109A57CC0062928A /* CordovaLib.xcodeproj */;
			proxyType = 1;
			remoteGlobalIDString = D2AAC07D0554694100DB518D;
			remoteInfo = CordovaLib;
		};
/* End PBXContainerItemProxy section */

/* Begin PBXFileReference section */
		0207DA571B56EA530066E2B4 /* Images.xcassets */ = {isa = PBXFileReference; lastKnownFileType = folder.assetcatalog; name = Images.xcassets; path = "RM Smart - Impulsionando Resultados/Images.xcassets"; sourceTree = SOURCE_ROOT; };
		1D3623240D0F684500981E51 /* AppDelegate.h */ = {isa = PBXFileReference; fileEncoding = 4; lastKnownFileType = sourcecode.c.h; path = AppDelegate.h; sourceTree = "<group>"; };
		1D3623250D0F684500981E51 /* AppDelegate.m */ = {isa = PBXFileReference; fileEncoding = 4; lastKnownFileType = sourcecode.c.objc; path = AppDelegate.m; sourceTree = "<group>"; };
		1D6058910D05DD3D006BFB54 /* RM Smart - Impulsionando Resultados.app */ = {isa = PBXFileReference; explicitFileType = wrapper.application; includeInIndex = 0; path = "RM Smart - Impulsionando Resultados.app"; sourceTree = BUILT_PRODUCTS_DIR; };
		29B97316FDCFA39411CA2CEA /* main.m */ = {isa = PBXFileReference; fileEncoding = 4; lastKnownFileType = sourcecode.c.objc; path = main.m; sourceTree = "<group>"; };
		301BF52D109A57CC0062928A /* CordovaLib.xcodeproj */ = {isa = PBXFileReference; lastKnownFileType = "wrapper.pb-project"; name = CordovaLib.xcodeproj; path = CordovaLib/CordovaLib.xcodeproj; sourceTree = "<group>"; };
		301BF56E109A69640062928A /* www */ = {isa = PBXFileReference; lastKnownFileType = folder; path = www; sourceTree = SOURCE_ROOT; };
		302D95EE14D2391D003F00A1 /* MainViewController.h */ = {isa = PBXFileReference; fileEncoding = 4; lastKnownFileType = sourcecode.c.h; path = MainViewController.h; sourceTree = "<group>"; };
		302D95EF14D2391D003F00A1 /* MainViewController.m */ = {isa = PBXFileReference; fileEncoding = 4; lastKnownFileType = sourcecode.c.objc; path = MainViewController.m; sourceTree = "<group>"; };
		302D95F014D2391D003F00A1 /* MainViewController.xib */ = {isa = PBXFileReference; fileEncoding = 4; lastKnownFileType = file.xib; path = MainViewController.xib; sourceTree = "<group>"; };
		3047A50F1AB8059700498E2A /* build-debug.xcconfig */ = {isa = PBXFileReference; fileEncoding = 4; lastKnownFileType = text.xcconfig; name = "build-debug.xcconfig"; path = cordova/build-debug.xcconfig; sourceTree = SOURCE_ROOT; };
		3047A5101AB8059700498E2A /* build-release.xcconfig */ = {isa = PBXFileReference; fileEncoding = 4; lastKnownFileType = text.xcconfig; name = "build-release.xcconfig"; path = cordova/build-release.xcconfig; sourceTree = SOURCE_ROOT; };
		3047A5111AB8059700498E2A /* build.xcconfig */ = {isa = PBXFileReference; fileEncoding = 4; lastKnownFileType = text.xcconfig; name = build.xcconfig; path = cordova/build.xcconfig; sourceTree = SOURCE_ROOT; };
		32CA4F630368D1EE00C91783 /* RM Smart - Impulsionando Resultados-Prefix.pch */ = {isa = PBXFileReference; fileEncoding = 4; lastKnownFileType = sourcecode.c.h; path = "RM Smart - Impulsionando Resultados-Prefix.pch"; sourceTree = "<group>"; };
		6AFF5BF81D6E424B00AB3073 /* CDVLaunchScreen.storyboard */ = {isa = PBXFileReference; fileEncoding = 4; lastKnownFileType = file.storyboard; name = CDVLaunchScreen.storyboard; path = "RM Smart - Impulsionando Resultados/CDVLaunchScreen.storyboard"; sourceTree = SOURCE_ROOT; };
		8D1107310486CEB800E47090 /* RM Smart - Impulsionando Resultados-Info.plist */ = {isa = PBXFileReference; fileEncoding = 4; lastKnownFileType = text.plist.xml; name = "RM Smart - Impulsionando Resultados-Info.plist"; path = "RM Smart - Impulsionando Resultados/RM Smart - Impulsionando Resultados-Info.plist"; plistStructureDefinitionIdentifier = "com.apple.xcode.plist.structure-definition.iphone.info-plist"; sourceTree = SOURCE_ROOT; };
		EB87FDF31871DA8E0020F90C /* www */ = {isa = PBXFileReference; lastKnownFileType = folder; name = www; path = ../../www; sourceTree = "<group>"; };
		EB87FDF41871DAF40020F90C /* config.xml */ = {isa = PBXFileReference; lastKnownFileType = text.xml; name = config.xml; path = ../../config.xml; sourceTree = "<group>"; };
		F840E1F0165FE0F500CFE078 /* config.xml */ = {isa = PBXFileReference; lastKnownFileType = text.xml; name = config.xml; path = "RM Smart - Impulsionando Resultados/config.xml"; sourceTree = "<group>"; };
		ED33DF2A687741AEAF9F8254 /* Bridging-Header.h */ = {isa = PBXFileReference; fileEncoding = 4; lastKnownFileType = sourcecode.c.h; name = "Bridging-Header.h"; path = "Bridging-Header.h"; sourceTree = "<group>"; };
		CCE23E625F554247ABBE245B /* CDVBattery.m */ = {isa = PBXFileReference; name = "CDVBattery.m"; path = "cordova-plugin-battery-status/CDVBattery.m"; sourceTree = "<group>"; fileEncoding = 4; lastKnownFileType = sourcecode.c.objc; explicitFileType = undefined; includeInIndex = 0; };
		C00B57A4889743708785E30E /* CDVBattery.h */ = {isa = PBXFileReference; name = "CDVBattery.h"; path = "cordova-plugin-battery-status/CDVBattery.h"; sourceTree = "<group>"; fileEncoding = 4; lastKnownFileType = sourcecode.c.h; explicitFileType = undefined; includeInIndex = 0; };
		276FCC467F8C4A3E87007F16 /* UIImage+CropScaleOrientation.m */ = {isa = PBXFileReference; name = "UIImage+CropScaleOrientation.m"; path = "cordova-plugin-camera/UIImage+CropScaleOrientation.m"; sourceTree = "<group>"; fileEncoding = 4; lastKnownFileType = sourcecode.c.objc; explicitFileType = undefined; includeInIndex = 0; };
		CEB4E3639FE04B4990AA2509 /* CDVCamera.m */ = {isa = PBXFileReference; name = "CDVCamera.m"; path = "cordova-plugin-camera/CDVCamera.m"; sourceTree = "<group>"; fileEncoding = 4; lastKnownFileType = sourcecode.c.objc; explicitFileType = undefined; includeInIndex = 0; };
		0204DBD5638B4E0DACEFD1D6 /* CDVJpegHeaderWriter.m */ = {isa = PBXFileReference; name = "CDVJpegHeaderWriter.m"; path = "cordova-plugin-camera/CDVJpegHeaderWriter.m"; sourceTree = "<group>"; fileEncoding = 4; lastKnownFileType = sourcecode.c.objc; explicitFileType = undefined; includeInIndex = 0; };
		3B97ABF010AB46ABB2A7BC34 /* UIImage+CropScaleOrientation.h */ = {isa = PBXFileReference; name = "UIImage+CropScaleOrientation.h"; path = "cordova-plugin-camera/UIImage+CropScaleOrientation.h"; sourceTree = "<group>"; fileEncoding = 4; lastKnownFileType = sourcecode.c.h; explicitFileType = undefined; includeInIndex = 0; };
		0195AF15144642BF80839A93 /* CDVCamera.h */ = {isa = PBXFileReference; name = "CDVCamera.h"; path = "cordova-plugin-camera/CDVCamera.h"; sourceTree = "<group>"; fileEncoding = 4; lastKnownFileType = sourcecode.c.h; explicitFileType = undefined; includeInIndex = 0; };
		C05A7B15D2C44B72B269E27C /* CDVJpegHeaderWriter.h */ = {isa = PBXFileReference; name = "CDVJpegHeaderWriter.h"; path = "cordova-plugin-camera/CDVJpegHeaderWriter.h"; sourceTree = "<group>"; fileEncoding = 4; lastKnownFileType = sourcecode.c.h; explicitFileType = undefined; includeInIndex = 0; };
		266F163E2D454E689BD9A151 /* CDVExif.h */ = {isa = PBXFileReference; name = "CDVExif.h"; path = "cordova-plugin-camera/CDVExif.h"; sourceTree = "<group>"; fileEncoding = 4; lastKnownFileType = sourcecode.c.h; explicitFileType = undefined; includeInIndex = 0; };
		90996966AE864843A7B37B13 /* ImageIO.framework */ = {isa = PBXFileReference; name = "ImageIO.framework"; path = "System/Library/Frameworks/ImageIO.framework"; sourceTree = SDKROOT; fileEncoding = undefined; lastKnownFileType = wrapper.framework; explicitFileType = undefined; includeInIndex = 0; };
		B047EB64CF7347C08AC39B19 /* CoreLocation.framework */ = {isa = PBXFileReference; name = "CoreLocation.framework"; path = "System/Library/Frameworks/CoreLocation.framework"; sourceTree = SDKROOT; fileEncoding = undefined; lastKnownFileType = wrapper.framework; explicitFileType = undefined; includeInIndex = 0; };
		AFF23B89CB8C4C09AF65DE21 /* AVFoundation.framework */ = {isa = PBXFileReference; name = "AVFoundation.framework"; path = "System/Library/Frameworks/AVFoundation.framework"; sourceTree = SDKROOT; fileEncoding = undefined; lastKnownFileType = wrapper.framework; explicitFileType = undefined; includeInIndex = 0; };
		371FB16F6AF84A92BDACB50D /* CDVLogger.m */ = {isa = PBXFileReference; name = "CDVLogger.m"; path = "cordova-plugin-console/CDVLogger.m"; sourceTree = "<group>"; fileEncoding = 4; lastKnownFileType = sourcecode.c.objc; explicitFileType = undefined; includeInIndex = 0; };
		24F262A48897485B98D73D2A /* CDVLogger.h */ = {isa = PBXFileReference; name = "CDVLogger.h"; path = "cordova-plugin-console/CDVLogger.h"; sourceTree = "<group>"; fileEncoding = 4; lastKnownFileType = sourcecode.c.h; explicitFileType = undefined; includeInIndex = 0; };
		E00B78EA08F44F2FB0408D5E /* CDVContacts.m */ = {isa = PBXFileReference; name = "CDVContacts.m"; path = "cordova-plugin-contacts/CDVContacts.m"; sourceTree = "<group>"; fileEncoding = 4; lastKnownFileType = sourcecode.c.objc; explicitFileType = undefined; includeInIndex = 0; };
		794330C23EDE4A21A07BB0E5 /* CDVContact.m */ = {isa = PBXFileReference; name = "CDVContact.m"; path = "cordova-plugin-contacts/CDVContact.m"; sourceTree = "<group>"; fileEncoding = 4; lastKnownFileType = sourcecode.c.objc; explicitFileType = undefined; includeInIndex = 0; };
		CC50D69F321E45D3B37D5432 /* CDVContacts.h */ = {isa = PBXFileReference; name = "CDVContacts.h"; path = "cordova-plugin-contacts/CDVContacts.h"; sourceTree = "<group>"; fileEncoding = 4; lastKnownFileType = sourcecode.c.h; explicitFileType = undefined; includeInIndex = 0; };
		40E5F2C166A343BFACABBDEE /* CDVContact.h */ = {isa = PBXFileReference; name = "CDVContact.h"; path = "cordova-plugin-contacts/CDVContact.h"; sourceTree = "<group>"; fileEncoding = 4; lastKnownFileType = sourcecode.c.h; explicitFileType = undefined; includeInIndex = 0; };
		D73EA4320B0A483DAEBD70A3 /* AddressBook.framework */ = {isa = PBXFileReference; name = "AddressBook.framework"; path = "System/Library/Frameworks/AddressBook.framework"; sourceTree = SDKROOT; fileEncoding = undefined; lastKnownFileType = wrapper.framework; explicitFileType = undefined; includeInIndex = 0; };
		B642BB17C45B4D60992CE1E7 /* AddressBookUI.framework */ = {isa = PBXFileReference; name = "AddressBookUI.framework"; path = "System/Library/Frameworks/AddressBookUI.framework"; sourceTree = SDKROOT; fileEncoding = undefined; lastKnownFileType = wrapper.framework; explicitFileType = undefined; includeInIndex = 0; };
		04C5375776A04957BCC22198 /* CDVDevice.m */ = {isa = PBXFileReference; name = "CDVDevice.m"; path = "cordova-plugin-device/CDVDevice.m"; sourceTree = "<group>"; fileEncoding = 4; lastKnownFileType = sourcecode.c.objc; explicitFileType = undefined; includeInIndex = 0; };
		73CE82F595244CCC89BD3176 /* CDVDevice.h */ = {isa = PBXFileReference; name = "CDVDevice.h"; path = "cordova-plugin-device/CDVDevice.h"; sourceTree = "<group>"; fileEncoding = 4; lastKnownFileType = sourcecode.c.h; explicitFileType = undefined; includeInIndex = 0; };
		9B37C03BA2EE4403923F129B /* libz.tbd */ = {isa = PBXFileReference; name = "libz.tbd"; path = "usr/lib/libz.tbd"; sourceTree = SDKROOT; fileEncoding = undefined; lastKnownFileType = sourcecode.text-based-dylib-definition; explicitFileType = undefined; includeInIndex = 0; };
		B163E7A1955045E09DDBCF6F /* CDVAccelerometer.m */ = {isa = PBXFileReference; name = "CDVAccelerometer.m"; path = "cordova-plugin-device-motion/CDVAccelerometer.m"; sourceTree = "<group>"; fileEncoding = 4; lastKnownFileType = sourcecode.c.objc; explicitFileType = undefined; includeInIndex = 0; };
		DBDF00138A4D4556A6FA760D /* CDVAccelerometer.h */ = {isa = PBXFileReference; name = "CDVAccelerometer.h"; path = "cordova-plugin-device-motion/CDVAccelerometer.h"; sourceTree = "<group>"; fileEncoding = 4; lastKnownFileType = sourcecode.c.h; explicitFileType = undefined; includeInIndex = 0; };
		5CB5A0924BEE48ADB16AA8F1 /* CoreMotion.framework */ = {isa = PBXFileReference; name = "CoreMotion.framework"; path = "System/Library/Frameworks/CoreMotion.framework"; sourceTree = SDKROOT; fileEncoding = undefined; lastKnownFileType = wrapper.framework; explicitFileType = undefined; includeInIndex = 0; };
		5CF9A125E784461891A3A9E3 /* CDVCompass.m */ = {isa = PBXFileReference; name = "CDVCompass.m"; path = "cordova-plugin-device-orientation/CDVCompass.m"; sourceTree = "<group>"; fileEncoding = 4; lastKnownFileType = sourcecode.c.objc; explicitFileType = undefined; includeInIndex = 0; };
		AACFBD17F88642B7BD85196A /* CDVCompass.h */ = {isa = PBXFileReference; name = "CDVCompass.h"; path = "cordova-plugin-device-orientation/CDVCompass.h"; sourceTree = "<group>"; fileEncoding = 4; lastKnownFileType = sourcecode.c.h; explicitFileType = undefined; includeInIndex = 0; };
		9ECD99AC192D4C7A97B76285 /* CDVNotification.m */ = {isa = PBXFileReference; name = "CDVNotification.m"; path = "cordova-plugin-dialogs/CDVNotification.m"; sourceTree = "<group>"; fileEncoding = 4; lastKnownFileType = sourcecode.c.objc; explicitFileType = undefined; includeInIndex = 0; };
		3A0C74F1050745D399EB0A4B /* CDVNotification.h */ = {isa = PBXFileReference; name = "CDVNotification.h"; path = "cordova-plugin-dialogs/CDVNotification.h"; sourceTree = "<group>"; fileEncoding = 4; lastKnownFileType = sourcecode.c.h; explicitFileType = undefined; includeInIndex = 0; };
		7A02C43CF1764864B4B41AE9 /* CDVNotification.bundle */ = {isa = PBXFileReference; name = "CDVNotification.bundle"; path = "CDVNotification.bundle"; sourceTree = "<group>"; fileEncoding = undefined; lastKnownFileType = wrapper.plug-in; explicitFileType = undefined; includeInIndex = 0; };
		8D70012F47D44FD3BBE70A37 /* AudioToolbox.framework */ = {isa = PBXFileReference; name = "AudioToolbox.framework"; path = "System/Library/Frameworks/AudioToolbox.framework"; sourceTree = SDKROOT; fileEncoding = undefined; lastKnownFileType = wrapper.framework; explicitFileType = undefined; includeInIndex = 0; };
		5A3D13464728463495C0DF5C /* CDVFile.m */ = {isa = PBXFileReference; name = "CDVFile.m"; path = "cordova-plugin-file/CDVFile.m"; sourceTree = "<group>"; fileEncoding = 4; lastKnownFileType = sourcecode.c.objc; explicitFileType = undefined; includeInIndex = 0; };
		B0C34246F88941A789A15A59 /* CDVLocalFilesystem.m */ = {isa = PBXFileReference; name = "CDVLocalFilesystem.m"; path = "cordova-plugin-file/CDVLocalFilesystem.m"; sourceTree = "<group>"; fileEncoding = 4; lastKnownFileType = sourcecode.c.objc; explicitFileType = undefined; includeInIndex = 0; };
		64508AD69042482C9867BABD /* CDVAssetLibraryFilesystem.m */ = {isa = PBXFileReference; name = "CDVAssetLibraryFilesystem.m"; path = "cordova-plugin-file/CDVAssetLibraryFilesystem.m"; sourceTree = "<group>"; fileEncoding = 4; lastKnownFileType = sourcecode.c.objc; explicitFileType = undefined; includeInIndex = 0; };
		1067F6B2E9564F5AB59C335B /* CDVFile.h */ = {isa = PBXFileReference; name = "CDVFile.h"; path = "cordova-plugin-file/CDVFile.h"; sourceTree = "<group>"; fileEncoding = 4; lastKnownFileType = sourcecode.c.h; explicitFileType = undefined; includeInIndex = 0; };
		82D3A2A274A94B4FB8FCC872 /* CDVLocalFilesystem.h */ = {isa = PBXFileReference; name = "CDVLocalFilesystem.h"; path = "cordova-plugin-file/CDVLocalFilesystem.h"; sourceTree = "<group>"; fileEncoding = 4; lastKnownFileType = sourcecode.c.h; explicitFileType = undefined; includeInIndex = 0; };
		CDCC22E942E94489B45D45C5 /* CDVAssetLibraryFilesystem.h */ = {isa = PBXFileReference; name = "CDVAssetLibraryFilesystem.h"; path = "cordova-plugin-file/CDVAssetLibraryFilesystem.h"; sourceTree = "<group>"; fileEncoding = 4; lastKnownFileType = sourcecode.c.h; explicitFileType = undefined; includeInIndex = 0; };
		973F0DB075F7438D96DC8B9B /* CDVFileTransfer.m */ = {isa = PBXFileReference; name = "CDVFileTransfer.m"; path = "cordova-plugin-file-transfer/CDVFileTransfer.m"; sourceTree = "<group>"; fileEncoding = 4; lastKnownFileType = sourcecode.c.objc; explicitFileType = undefined; includeInIndex = 0; };
		72955796198F4469B525BDEB /* CDVFileTransfer.h */ = {isa = PBXFileReference; name = "CDVFileTransfer.h"; path = "cordova-plugin-file-transfer/CDVFileTransfer.h"; sourceTree = "<group>"; fileEncoding = 4; lastKnownFileType = sourcecode.c.h; explicitFileType = undefined; includeInIndex = 0; };
		04A7C2F6599A45B9BC3A62D2 /* CDVLocation.m */ = {isa = PBXFileReference; name = "CDVLocation.m"; path = "cordova-plugin-geolocation/CDVLocation.m"; sourceTree = "<group>"; fileEncoding = 4; lastKnownFileType = sourcecode.c.objc; explicitFileType = undefined; includeInIndex = 0; };
		09B7222C659846D390D809B1 /* CDVLocation.h */ = {isa = PBXFileReference; name = "CDVLocation.h"; path = "cordova-plugin-geolocation/CDVLocation.h"; sourceTree = "<group>"; fileEncoding = 4; lastKnownFileType = sourcecode.c.h; explicitFileType = undefined; includeInIndex = 0; };
		BF1EB2CA5FCB4240BBF51667 /* CDVGlobalization.m */ = {isa = PBXFileReference; name = "CDVGlobalization.m"; path = "cordova-plugin-globalization/CDVGlobalization.m"; sourceTree = "<group>"; fileEncoding = 4; lastKnownFileType = sourcecode.c.objc; explicitFileType = undefined; includeInIndex = 0; };
		336841D73B6B46A691F03257 /* CDVGlobalization.h */ = {isa = PBXFileReference; name = "CDVGlobalization.h"; path = "cordova-plugin-globalization/CDVGlobalization.h"; sourceTree = "<group>"; fileEncoding = 4; lastKnownFileType = sourcecode.c.h; explicitFileType = undefined; includeInIndex = 0; };
		4CA6E193D66A4D94967350F5 /* CDVInAppBrowser.m */ = {isa = PBXFileReference; name = "CDVInAppBrowser.m"; path = "cordova-plugin-inappbrowser/CDVInAppBrowser.m"; sourceTree = "<group>"; fileEncoding = 4; lastKnownFileType = sourcecode.c.objc; explicitFileType = undefined; includeInIndex = 0; };
		B8C4E43575DE4A328AF75869 /* CDVInAppBrowser.h */ = {isa = PBXFileReference; name = "CDVInAppBrowser.h"; path = "cordova-plugin-inappbrowser/CDVInAppBrowser.h"; sourceTree = "<group>"; fileEncoding = 4; lastKnownFileType = sourcecode.c.h; explicitFileType = undefined; includeInIndex = 0; };
		22F4F471C93343AAABC6337F /* CDVSound.m */ = {isa = PBXFileReference; name = "CDVSound.m"; path = "cordova-plugin-media/CDVSound.m"; sourceTree = "<group>"; fileEncoding = 4; lastKnownFileType = sourcecode.c.objc; explicitFileType = undefined; includeInIndex = 0; };
		8FAC09F516254876957D2ED2 /* CDVSound.h */ = {isa = PBXFileReference; name = "CDVSound.h"; path = "cordova-plugin-media/CDVSound.h"; sourceTree = "<group>"; fileEncoding = 4; lastKnownFileType = sourcecode.c.h; explicitFileType = undefined; includeInIndex = 0; };
		C83E5094F98C49F8A98C3EE7 /* CDVCapture.m */ = {isa = PBXFileReference; name = "CDVCapture.m"; path = "cordova-plugin-media-capture/CDVCapture.m"; sourceTree = "<group>"; fileEncoding = 4; lastKnownFileType = sourcecode.c.objc; explicitFileType = undefined; includeInIndex = 0; };
		B4237DB47A4449DB93E66478 /* CDVCapture.h */ = {isa = PBXFileReference; name = "CDVCapture.h"; path = "cordova-plugin-media-capture/CDVCapture.h"; sourceTree = "<group>"; fileEncoding = 4; lastKnownFileType = sourcecode.c.h; explicitFileType = undefined; includeInIndex = 0; };
		51B490A90EA640A5BF664F48 /* CDVCapture.bundle */ = {isa = PBXFileReference; name = "CDVCapture.bundle"; path = "CDVCapture.bundle"; sourceTree = "<group>"; fileEncoding = undefined; lastKnownFileType = wrapper.plug-in; explicitFileType = undefined; includeInIndex = 0; };
		EDAD469FE91948BCA92BFF44 /* CDVConnection.m */ = {isa = PBXFileReference; name = "CDVConnection.m"; path = "cordova-plugin-network-information/CDVConnection.m"; sourceTree = "<group>"; fileEncoding = 4; lastKnownFileType = sourcecode.c.objc; explicitFileType = undefined; includeInIndex = 0; };
		F48367103FB8435FB7757B3B /* CDVReachability.m */ = {isa = PBXFileReference; name = "CDVReachability.m"; path = "cordova-plugin-network-information/CDVReachability.m"; sourceTree = "<group>"; fileEncoding = 4; lastKnownFileType = sourcecode.c.objc; explicitFileType = undefined; includeInIndex = 0; };
		65D726FA5A3F4C2CB543CF44 /* CDVConnection.h */ = {isa = PBXFileReference; name = "CDVConnection.h"; path = "cordova-plugin-network-information/CDVConnection.h"; sourceTree = "<group>"; fileEncoding = 4; lastKnownFileType = sourcecode.c.h; explicitFileType = undefined; includeInIndex = 0; };
		37B02C4A93CA49BC8CE73130 /* CDVReachability.h */ = {isa = PBXFileReference; name = "CDVReachability.h"; path = "cordova-plugin-network-information/CDVReachability.h"; sourceTree = "<group>"; fileEncoding = 4; lastKnownFileType = sourcecode.c.h; explicitFileType = undefined; includeInIndex = 0; };
		36937D2066C843D2B061D16C /* SystemConfiguration.framework */ = {isa = PBXFileReference; name = "SystemConfiguration.framework"; path = "System/Library/Frameworks/SystemConfiguration.framework"; sourceTree = SDKROOT; fileEncoding = undefined; lastKnownFileType = wrapper.framework; explicitFileType = undefined; includeInIndex = 0; };
		B509BA39C8D14466A580FD92 /* CoreTelephony.framework */ = {isa = PBXFileReference; name = "CoreTelephony.framework"; path = "System/Library/Frameworks/CoreTelephony.framework"; sourceTree = SDKROOT; fileEncoding = undefined; lastKnownFileType = wrapper.framework; explicitFileType = undefined; includeInIndex = 0; };
		EC4A04B65F324F25A40431C8 /* CDVSplashScreen.m */ = {isa = PBXFileReference; name = "CDVSplashScreen.m"; path = "cordova-plugin-splashscreen/CDVSplashScreen.m"; sourceTree = "<group>"; fileEncoding = 4; lastKnownFileType = sourcecode.c.objc; explicitFileType = undefined; includeInIndex = 0; };
		3BF9B5E8AB6944749B530F71 /* CDVViewController+SplashScreen.m */ = {isa = PBXFileReference; name = "CDVViewController+SplashScreen.m"; path = "cordova-plugin-splashscreen/CDVViewController+SplashScreen.m"; sourceTree = "<group>"; fileEncoding = 4; lastKnownFileType = sourcecode.c.objc; explicitFileType = undefined; includeInIndex = 0; };
		ADFBE1FCAAF94FCD9E870915 /* CDVSplashScreen.h */ = {isa = PBXFileReference; name = "CDVSplashScreen.h"; path = "cordova-plugin-splashscreen/CDVSplashScreen.h"; sourceTree = "<group>"; fileEncoding = 4; lastKnownFileType = sourcecode.c.h; explicitFileType = undefined; includeInIndex = 0; };
		512EEDFA79E3464EA8DCA744 /* CDVViewController+SplashScreen.h */ = {isa = PBXFileReference; name = "CDVViewController+SplashScreen.h"; path = "cordova-plugin-splashscreen/CDVViewController+SplashScreen.h"; sourceTree = "<group>"; fileEncoding = 4; lastKnownFileType = sourcecode.c.h; explicitFileType = undefined; includeInIndex = 0; };
		D859A8816A054232ADE915A5 /* CDVStatusBar.m */ = {isa = PBXFileReference; name = "CDVStatusBar.m"; path = "cordova-plugin-statusbar/CDVStatusBar.m"; sourceTree = "<group>"; fileEncoding = 4; lastKnownFileType = sourcecode.c.objc; explicitFileType = undefined; includeInIndex = 0; };
		628C2F9E916D4545B00ABC3A /* CDVStatusBar.h */ = {isa = PBXFileReference; name = "CDVStatusBar.h"; path = "cordova-plugin-statusbar/CDVStatusBar.h"; sourceTree = "<group>"; fileEncoding = 4; lastKnownFileType = sourcecode.c.h; explicitFileType = undefined; includeInIndex = 0; };
		090CD2B312AC43B28B319B3B /* CDVVibration.m */ = {isa = PBXFileReference; name = "CDVVibration.m"; path = "cordova-plugin-vibration/CDVVibration.m"; sourceTree = "<group>"; fileEncoding = 4; lastKnownFileType = sourcecode.c.objc; explicitFileType = undefined; includeInIndex = 0; };
		E0C15F5549594FDBB2DD4CF7 /* CDVVibration.h */ = {isa = PBXFileReference; name = "CDVVibration.h"; path = "cordova-plugin-vibration/CDVVibration.h"; sourceTree = "<group>"; fileEncoding = 4; lastKnownFileType = sourcecode.c.h; explicitFileType = undefined; includeInIndex = 0; };
/* End PBXFileReference section */

/* Begin PBXFrameworksBuildPhase section */
		1D60588F0D05DD3D006BFB54 /* Frameworks */ = {
			isa = PBXFrameworksBuildPhase;
			buildActionMask = 2147483647;
			files = (
				301BF552109A68D80062928A /* libCordova.a in Frameworks */,
				687D78B56EB64BB7BB41375E /* ImageIO.framework in Frameworks */,
				071304FBCF5042BF87372B52 /* CoreLocation.framework in Frameworks */,
				33E0A6973C3940958D085CED /* AVFoundation.framework in Frameworks */,
				0B5729F44C6A48EB84F0C957 /* AddressBook.framework in Frameworks */,
				B12C2848527A4EE8981C5126 /* AddressBookUI.framework in Frameworks */,
				1832AF77812F4224B5F5C762 /* libz.tbd in Frameworks */,
				411865B80B5C46AD988282F3 /* CoreMotion.framework in Frameworks */,
				6968F84A17D540A5A998372C /* AudioToolbox.framework in Frameworks */,
				738F184DA631484394F04EAF /* SystemConfiguration.framework in Frameworks */,
				607AEBC3B86C423F95F94BB0 /* CoreTelephony.framework in Frameworks */,
			);
			runOnlyForDeploymentPostprocessing = 0;
		};
/* End PBXFrameworksBuildPhase section */

/* Begin PBXGroup section */
		080E96DDFE201D6D7F000001 /* Classes */ = {
			isa = PBXGroup;
			children = (
				302D95EE14D2391D003F00A1 /* MainViewController.h */,
				302D95EF14D2391D003F00A1 /* MainViewController.m */,
				302D95F014D2391D003F00A1 /* MainViewController.xib */,
				1D3623240D0F684500981E51 /* AppDelegate.h */,
				1D3623250D0F684500981E51 /* AppDelegate.m */,
			);
			name = Classes;
			path = "RM Smart - Impulsionando Resultados/Classes";
			sourceTree = SOURCE_ROOT;
		};
		19C28FACFE9D520D11CA2CBB /* Products */ = {
			isa = PBXGroup;
			children = (
				1D6058910D05DD3D006BFB54 /* RM Smart - Impulsionando Resultados.app */,
			);
			name = Products;
			sourceTree = "<group>";
		};
		29B97314FDCFA39411CA2CEA /* CustomTemplate */ = {
			isa = PBXGroup;
			children = (
				EB87FDF41871DAF40020F90C /* config.xml */,
				EB87FDF31871DA8E0020F90C /* www */,
				EB87FDF11871DA420020F90C /* Staging */,
				301BF52D109A57CC0062928A /* CordovaLib.xcodeproj */,
				080E96DDFE201D6D7F000001 /* Classes */,
				307C750510C5A3420062BCA9 /* Plugins */,
				29B97315FDCFA39411CA2CEA /* Other Sources */,
				29B97317FDCFA39411CA2CEA /* Resources */,
				29B97323FDCFA39411CA2CEA /* Frameworks */,
				19C28FACFE9D520D11CA2CBB /* Products */,
			);
			name = CustomTemplate;
			sourceTree = "<group>";
		};
		29B97315FDCFA39411CA2CEA /* Other Sources */ = {
			isa = PBXGroup;
			children = (
				32CA4F630368D1EE00C91783 /* RM Smart - Impulsionando Resultados-Prefix.pch */,
				29B97316FDCFA39411CA2CEA /* main.m */,
				ED33DF2A687741AEAF9F8254 /* Bridging-Header.h */,
			);
			name = "Other Sources";
			path = "RM Smart - Impulsionando Resultados";
			sourceTree = "<group>";
		};
		29B97317FDCFA39411CA2CEA /* Resources */ = {
			isa = PBXGroup;
			children = (
				0207DA571B56EA530066E2B4 /* Images.xcassets */,
				3047A50E1AB8057F00498E2A /* config */,
				8D1107310486CEB800E47090 /* RM Smart - Impulsionando Resultados-Info.plist */,
				6AFF5BF81D6E424B00AB3073 /* CDVLaunchScreen.storyboard */,
				7A02C43CF1764864B4B41AE9 /* CDVNotification.bundle */,
				51B490A90EA640A5BF664F48 /* CDVCapture.bundle */,
			);
			name = Resources;
			path = "RM Smart - Impulsionando Resultados/Resources";
			sourceTree = "<group>";
		};
		29B97323FDCFA39411CA2CEA /* Frameworks */ = {
			isa = PBXGroup;
			children = (
				90996966AE864843A7B37B13 /* ImageIO.framework */,
				B047EB64CF7347C08AC39B19 /* CoreLocation.framework */,
				AFF23B89CB8C4C09AF65DE21 /* AVFoundation.framework */,
				D73EA4320B0A483DAEBD70A3 /* AddressBook.framework */,
				B642BB17C45B4D60992CE1E7 /* AddressBookUI.framework */,
				9B37C03BA2EE4403923F129B /* libz.tbd */,
				5CB5A0924BEE48ADB16AA8F1 /* CoreMotion.framework */,
				8D70012F47D44FD3BBE70A37 /* AudioToolbox.framework */,
				36937D2066C843D2B061D16C /* SystemConfiguration.framework */,
				B509BA39C8D14466A580FD92 /* CoreTelephony.framework */,
			);
			name = Frameworks;
			sourceTree = "<group>";
		};
		301BF52E109A57CC0062928A /* Products */ = {
			isa = PBXGroup;
			children = (
				301BF535109A57CC0062928A /* libCordova.a */,
			);
			name = Products;
			sourceTree = "<group>";
		};
		3047A50E1AB8057F00498E2A /* config */ = {
			isa = PBXGroup;
			children = (
				3047A50F1AB8059700498E2A /* build-debug.xcconfig */,
				3047A5101AB8059700498E2A /* build-release.xcconfig */,
				3047A5111AB8059700498E2A /* build.xcconfig */,
			);
			name = config;
			sourceTree = "<group>";
		};
		307C750510C5A3420062BCA9 /* Plugins */ = {
			isa = PBXGroup;
			children = (
				CCE23E625F554247ABBE245B /* CDVBattery.m */,
				C00B57A4889743708785E30E /* CDVBattery.h */,
				276FCC467F8C4A3E87007F16 /* UIImage+CropScaleOrientation.m */,
				CEB4E3639FE04B4990AA2509 /* CDVCamera.m */,
				0204DBD5638B4E0DACEFD1D6 /* CDVJpegHeaderWriter.m */,
				3B97ABF010AB46ABB2A7BC34 /* UIImage+CropScaleOrientation.h */,
				0195AF15144642BF80839A93 /* CDVCamera.h */,
				C05A7B15D2C44B72B269E27C /* CDVJpegHeaderWriter.h */,
				266F163E2D454E689BD9A151 /* CDVExif.h */,
				371FB16F6AF84A92BDACB50D /* CDVLogger.m */,
				24F262A48897485B98D73D2A /* CDVLogger.h */,
				E00B78EA08F44F2FB0408D5E /* CDVContacts.m */,
				794330C23EDE4A21A07BB0E5 /* CDVContact.m */,
				CC50D69F321E45D3B37D5432 /* CDVContacts.h */,
				40E5F2C166A343BFACABBDEE /* CDVContact.h */,
				04C5375776A04957BCC22198 /* CDVDevice.m */,
				73CE82F595244CCC89BD3176 /* CDVDevice.h */,
				B163E7A1955045E09DDBCF6F /* CDVAccelerometer.m */,
				DBDF00138A4D4556A6FA760D /* CDVAccelerometer.h */,
				5CF9A125E784461891A3A9E3 /* CDVCompass.m */,
				AACFBD17F88642B7BD85196A /* CDVCompass.h */,
				9ECD99AC192D4C7A97B76285 /* CDVNotification.m */,
				3A0C74F1050745D399EB0A4B /* CDVNotification.h */,
				5A3D13464728463495C0DF5C /* CDVFile.m */,
				B0C34246F88941A789A15A59 /* CDVLocalFilesystem.m */,
				64508AD69042482C9867BABD /* CDVAssetLibraryFilesystem.m */,
				1067F6B2E9564F5AB59C335B /* CDVFile.h */,
				82D3A2A274A94B4FB8FCC872 /* CDVLocalFilesystem.h */,
				CDCC22E942E94489B45D45C5 /* CDVAssetLibraryFilesystem.h */,
				973F0DB075F7438D96DC8B9B /* CDVFileTransfer.m */,
				72955796198F4469B525BDEB /* CDVFileTransfer.h */,
				04A7C2F6599A45B9BC3A62D2 /* CDVLocation.m */,
				09B7222C659846D390D809B1 /* CDVLocation.h */,
				BF1EB2CA5FCB4240BBF51667 /* CDVGlobalization.m */,
				336841D73B6B46A691F03257 /* CDVGlobalization.h */,
				4CA6E193D66A4D94967350F5 /* CDVInAppBrowser.m */,
				B8C4E43575DE4A328AF75869 /* CDVInAppBrowser.h */,
				22F4F471C93343AAABC6337F /* CDVSound.m */,
				8FAC09F516254876957D2ED2 /* CDVSound.h */,
				C83E5094F98C49F8A98C3EE7 /* CDVCapture.m */,
				B4237DB47A4449DB93E66478 /* CDVCapture.h */,
				EDAD469FE91948BCA92BFF44 /* CDVConnection.m */,
				F48367103FB8435FB7757B3B /* CDVReachability.m */,
				65D726FA5A3F4C2CB543CF44 /* CDVConnection.h */,
				37B02C4A93CA49BC8CE73130 /* CDVReachability.h */,
				EC4A04B65F324F25A40431C8 /* CDVSplashScreen.m */,
				3BF9B5E8AB6944749B530F71 /* CDVViewController+SplashScreen.m */,
				ADFBE1FCAAF94FCD9E870915 /* CDVSplashScreen.h */,
				512EEDFA79E3464EA8DCA744 /* CDVViewController+SplashScreen.h */,
				D859A8816A054232ADE915A5 /* CDVStatusBar.m */,
				628C2F9E916D4545B00ABC3A /* CDVStatusBar.h */,
				090CD2B312AC43B28B319B3B /* CDVVibration.m */,
				E0C15F5549594FDBB2DD4CF7 /* CDVVibration.h */,
			);
			name = Plugins;
			path = "RM Smart - Impulsionando Resultados/Plugins";
			sourceTree = SOURCE_ROOT;
		};
		EB87FDF11871DA420020F90C /* Staging */ = {
			isa = PBXGroup;
			children = (
				F840E1F0165FE0F500CFE078 /* config.xml */,
				301BF56E109A69640062928A /* www */,
			);
			name = Staging;
			sourceTree = "<group>";
		};
/* End PBXGroup section */

/* Begin PBXNativeTarget section */
		1D6058900D05DD3D006BFB54 /* RM Smart - Impulsionando Resultados */ = {
			isa = PBXNativeTarget;
			buildConfigurationList = 1D6058960D05DD3E006BFB54 /* Build configuration list for PBXNativeTarget "RM Smart - Impulsionando Resultados" */;
			buildPhases = (
				304B58A110DAC018002A0835 /* Copy www directory */,
				1D60588D0D05DD3D006BFB54 /* Resources */,
				1D60588E0D05DD3D006BFB54 /* Sources */,
				1D60588F0D05DD3D006BFB54 /* Frameworks */,
			);
			buildRules = (
			);
			dependencies = (
				301BF551109A68C00062928A /* PBXTargetDependency */,
			);
			name = "RM Smart - Impulsionando Resultados";
			productName = "RM Smart - Impulsionando Resultados";
			productReference = 1D6058910D05DD3D006BFB54 /* RM Smart - Impulsionando Resultados.app */;
			productType = "com.apple.product-type.application";
		};
/* End PBXNativeTarget section */

/* Begin PBXProject section */
		29B97313FDCFA39411CA2CEA /* Project object */ = {
			isa = PBXProject;
			attributes = {
				LastUpgradeCheck = 510;
			};
			buildConfigurationList = C01FCF4E08A954540054247B /* Build configuration list for PBXProject "__NON-CLI__" */;
			compatibilityVersion = "Xcode 3.2";
			developmentRegion = English;
			hasScannedForEncodings = 1;
			mainGroup = 29B97314FDCFA39411CA2CEA /* CustomTemplate */;
			projectDirPath = "";
			projectReferences = (
				{
					ProductGroup = 301BF52E109A57CC0062928A /* Products */;
					ProjectRef = 301BF52D109A57CC0062928A /* CordovaLib.xcodeproj */;
				},
			);
			projectRoot = "";
			targets = (
				1D6058900D05DD3D006BFB54 /* RM Smart - Impulsionando Resultados */,
			);
		};
/* End PBXProject section */

/* Begin PBXReferenceProxy section */
		301BF535109A57CC0062928A /* libCordova.a */ = {
			isa = PBXReferenceProxy;
			fileType = archive.ar;
			path = libCordova.a;
			remoteRef = 301BF534109A57CC0062928A /* PBXContainerItemProxy */;
			sourceTree = BUILT_PRODUCTS_DIR;
		};
/* End PBXReferenceProxy section */

/* Begin PBXResourcesBuildPhase section */
		1D60588D0D05DD3D006BFB54 /* Resources */ = {
			isa = PBXResourcesBuildPhase;
			buildActionMask = 2147483647;
			files = (
				302D95F214D2391D003F00A1 /* MainViewController.xib in Resources */,
				0207DA581B56EA530066E2B4 /* Images.xcassets in Resources */,
				6AFF5BF91D6E424B00AB3073 /* CDVLaunchScreen.storyboard in Resources */,
				913848FCCC554B29AD33E06F /* CDVNotification.bundle in Resources */,
				027357466B5F4ED1940687BB /* CDVCapture.bundle in Resources */,
			);
			runOnlyForDeploymentPostprocessing = 0;
		};
/* End PBXResourcesBuildPhase section */

/* Begin PBXShellScriptBuildPhase section */
		304B58A110DAC018002A0835 /* Copy www directory */ = {
			isa = PBXShellScriptBuildPhase;
			buildActionMask = 2147483647;
			files = (
			);
			inputPaths = (
			);
			name = "Copy www directory";
			outputPaths = (
			);
			runOnlyForDeploymentPostprocessing = 0;
			shellPath = /bin/sh;
			shellScript = "NODEJS_PATH=/usr/local/bin; NVM_NODE_PATH=~/.nvm/versions/node/`nvm version 2>/dev/null`/bin; N_NODE_PATH=`find /usr/local/n/versions/node/* -maxdepth 0 -type d 2>/dev/null | tail -1`/bin; XCODE_NODE_PATH=`xcode-select --print-path`/usr/share/xcs/Node/bin; PATH=$NODEJS_PATH:$NVM_NODE_PATH:$N_NODE_PATH:$XCODE_NODE_PATH:$PATH && node cordova/lib/copy-www-build-step.js";
			showEnvVarsInLog = 0;
		};
/* End PBXShellScriptBuildPhase section */

/* Begin PBXSourcesBuildPhase section */
		1D60588E0D05DD3D006BFB54 /* Sources */ = {
			isa = PBXSourcesBuildPhase;
			buildActionMask = 2147483647;
			files = (
				1D60589B0D05DD56006BFB54 /* main.m in Sources */,
				1D3623260D0F684500981E51 /* AppDelegate.m in Sources */,
				302D95F114D2391D003F00A1 /* MainViewController.m in Sources */,
				1744847DE6AE4DEFAE5C7DF4 /* CDVBattery.m in Sources */,
				4472B362D0824B0BB174C81F /* UIImage+CropScaleOrientation.m in Sources */,
				E8992CF2BBB84B32BBDBBCF1 /* CDVCamera.m in Sources */,
				0E53EC202D2D4E61BE0E696C /* CDVJpegHeaderWriter.m in Sources */,
				9F84F5AA05F64743A0119628 /* CDVLogger.m in Sources */,
				7B706854288C4D5BBF080D41 /* CDVContacts.m in Sources */,
				04B0A5BE004445758BE77579 /* CDVContact.m in Sources */,
				8109C60726FB427E99EF8C13 /* CDVDevice.m in Sources */,
				5C15ADB4E8C6463E95039816 /* CDVAccelerometer.m in Sources */,
				4DEE311787B4448693C6EABF /* CDVCompass.m in Sources */,
				2B2DC1FA4EA14108A79028EC /* CDVNotification.m in Sources */,
				3BCDF38A40B74300B27D7A82 /* CDVFile.m in Sources */,
				13E12CA49F144EE1A778DECB /* CDVLocalFilesystem.m in Sources */,
				43714DA7A2434B3F811EE3F2 /* CDVAssetLibraryFilesystem.m in Sources */,
				E5D16EB2E71E4FDFBF41695E /* CDVFileTransfer.m in Sources */,
				68A86E6E270C47808510A09D /* CDVLocation.m in Sources */,
				20EEC73E9B694322BF8C08F3 /* CDVGlobalization.m in Sources */,
				7E4C529B89CE424A9471CD43 /* CDVInAppBrowser.m in Sources */,
				8A6CB806C55D434D92DA1F18 /* CDVSound.m in Sources */,
				6109E7854CD44D2EAFE19AF6 /* CDVCapture.m in Sources */,
				30977D083B004A18A1221CB7 /* CDVConnection.m in Sources */,
				97EC67C717EE43A08CEC15D8 /* CDVReachability.m in Sources */,
				C8792EEB54024317A805D780 /* CDVSplashScreen.m in Sources */,
				67664756147B4C00968C7461 /* CDVViewController+SplashScreen.m in Sources */,
				C6921AF8994F4CDA86B37510 /* CDVStatusBar.m in Sources */,
				C5AE2315E2D54618A7A6B956 /* CDVVibration.m in Sources */,
			);
			runOnlyForDeploymentPostprocessing = 0;
		};
/* End PBXSourcesBuildPhase section */

/* Begin PBXTargetDependency section */
		301BF551109A68C00062928A /* PBXTargetDependency */ = {
			isa = PBXTargetDependency;
			name = CordovaLib;
			targetProxy = 301BF550109A68C00062928A /* PBXContainerItemProxy */;
		};
/* End PBXTargetDependency section */

/* Begin XCBuildConfiguration section */
		1D6058940D05DD3E006BFB54 /* Debug */ = {
			isa = XCBuildConfiguration;
			baseConfigurationReference = 3047A50F1AB8059700498E2A /* build-debug.xcconfig */;
			buildSettings = {
				ALWAYS_SEARCH_USER_PATHS = NO;
				ASSETCATALOG_COMPILER_APPICON_NAME = AppIcon;
				ASSETCATALOG_COMPILER_LAUNCHIMAGE_NAME = LaunchImage;
				CLANG_ENABLE_MODULES = YES;
				CLANG_ENABLE_OBJC_ARC = YES;
				COPY_PHASE_STRIP = NO;
				GCC_DYNAMIC_NO_PIC = NO;
				GCC_OPTIMIZATION_LEVEL = 0;
				GCC_PRECOMPILE_PREFIX_HEADER = YES;
				GCC_PREFIX_HEADER = "RM Smart - Impulsionando Resultados/RM Smart - Impulsionando Resultados-Prefix.pch";
				GCC_THUMB_SUPPORT = NO;
				GCC_VERSION = "";
				INFOPLIST_FILE = "RM Smart - Impulsionando Resultados/RM Smart - Impulsionando Resultados-Info.plist";
				IPHONEOS_DEPLOYMENT_TARGET = 9.0;
				LD_RUNPATH_SEARCH_PATHS = "@executable_path/Frameworks";
				TARGETED_DEVICE_FAMILY = "1,2";
				PRODUCT_NAME = "RM Smart - Impulsionando Resultados";
			};
			name = Debug;
		};
		1D6058950D05DD3E006BFB54 /* Release */ = {
			isa = XCBuildConfiguration;
			baseConfigurationReference = 3047A5101AB8059700498E2A /* build-release.xcconfig */;
			buildSettings = {
				ALWAYS_SEARCH_USER_PATHS = NO;
				ASSETCATALOG_COMPILER_APPICON_NAME = AppIcon;
				ASSETCATALOG_COMPILER_LAUNCHIMAGE_NAME = LaunchImage;
				CLANG_ENABLE_MODULES = YES;
				CLANG_ENABLE_OBJC_ARC = YES;
				COPY_PHASE_STRIP = YES;
				GCC_PRECOMPILE_PREFIX_HEADER = YES;
				GCC_PREFIX_HEADER = "RM Smart - Impulsionando Resultados/RM Smart - Impulsionando Resultados-Prefix.pch";
				GCC_THUMB_SUPPORT = NO;
				GCC_VERSION = "";
				INFOPLIST_FILE = "RM Smart - Impulsionando Resultados/RM Smart - Impulsionando Resultados-Info.plist";
				IPHONEOS_DEPLOYMENT_TARGET = 9.0;
				LD_RUNPATH_SEARCH_PATHS = "@executable_path/Frameworks";
				TARGETED_DEVICE_FAMILY = "1,2";
				PRODUCT_NAME = "RM Smart - Impulsionando Resultados";
			};
			name = Release;
		};
		C01FCF4F08A954540054247B /* Debug */ = {
			isa = XCBuildConfiguration;
			baseConfigurationReference = 3047A5111AB8059700498E2A /* build.xcconfig */;
			buildSettings = {
				CLANG_ENABLE_MODULES = YES;
				CLANG_ENABLE_OBJC_ARC = YES;
				CLANG_WARN_BOOL_CONVERSION = YES;
				CLANG_WARN_CONSTANT_CONVERSION = YES;
				CLANG_WARN_EMPTY_BODY = YES;
				CLANG_WARN_ENUM_CONVERSION = YES;
				CLANG_WARN_INT_CONVERSION = YES;
				CLANG_WARN__DUPLICATE_METHOD_MATCH = YES;
				GCC_C_LANGUAGE_STANDARD = c99;
				GCC_THUMB_SUPPORT = NO;
				GCC_VERSION = "";
				GCC_WARN_ABOUT_RETURN_TYPE = YES;
				GCC_WARN_UNDECLARED_SELECTOR = YES;
				GCC_WARN_UNINITIALIZED_AUTOS = YES;
				GCC_WARN_UNUSED_FUNCTION = YES;
				GCC_WARN_UNUSED_VARIABLE = YES;
				ONLY_ACTIVE_ARCH = YES;
				SDKROOT = iphoneos;
				SKIP_INSTALL = NO;
				TARGETED_DEVICE_FAMILY = "1,2";
				ASSETCATALOG_COMPILER_LAUNCHIMAGE_NAME = LaunchImage;
			};
			name = Debug;
		};
		C01FCF5008A954540054247B /* Release */ = {
			isa = XCBuildConfiguration;
			baseConfigurationReference = 3047A5111AB8059700498E2A /* build.xcconfig */;
			buildSettings = {
				CLANG_ENABLE_MODULES = YES;
				CLANG_ENABLE_OBJC_ARC = YES;
				CLANG_WARN_BOOL_CONVERSION = YES;
				CLANG_WARN_CONSTANT_CONVERSION = YES;
				CLANG_WARN_EMPTY_BODY = YES;
				CLANG_WARN_ENUM_CONVERSION = YES;
				CLANG_WARN_INT_CONVERSION = YES;
				CLANG_WARN__DUPLICATE_METHOD_MATCH = YES;
				GCC_C_LANGUAGE_STANDARD = c99;
				GCC_THUMB_SUPPORT = NO;
				GCC_VERSION = "";
				GCC_WARN_ABOUT_RETURN_TYPE = YES;
				GCC_WARN_UNDECLARED_SELECTOR = YES;
				GCC_WARN_UNINITIALIZED_AUTOS = YES;
				GCC_WARN_UNUSED_FUNCTION = YES;
				GCC_WARN_UNUSED_VARIABLE = YES;
				SDKROOT = iphoneos;
				SKIP_INSTALL = NO;
				TARGETED_DEVICE_FAMILY = "1,2";
				ASSETCATALOG_COMPILER_LAUNCHIMAGE_NAME = LaunchImage;
			};
			name = Release;
		};
/* End XCBuildConfiguration section */

/* Begin XCConfigurationList section */
		1D6058960D05DD3E006BFB54 /* Build configuration list for PBXNativeTarget "RM Smart - Impulsionando Resultados" */ = {
			isa = XCConfigurationList;
			buildConfigurations = (
				1D6058940D05DD3E006BFB54 /* Debug */,
				1D6058950D05DD3E006BFB54 /* Release */,
			);
			defaultConfigurationIsVisible = 0;
			defaultConfigurationName = Release;
		};
		C01FCF4E08A954540054247B /* Build configuration list for PBXProject "__NON-CLI__" */ = {
			isa = XCConfigurationList;
			buildConfigurations = (
				C01FCF4F08A954540054247B /* Debug */,
				C01FCF5008A954540054247B /* Release */,
			);
			defaultConfigurationIsVisible = 0;
			defaultConfigurationName = Release;
		};
/* End XCConfigurationList section */
	};
	rootObject = 29B97313FDCFA39411CA2CEA /* Project object */;
}
